
Microsoft Visual Studio Solution File, Format Version 12.00
# Visual Studio Version 17
VisualStudioVersion = 17.14.36119.2
MinimumVisualStudioVersion = 10.0.40219.1
Project("{FAE04EC0-301F-11D3-BF4B-00C04F79EFBC}") = "FoodAssembly", "FoodAssembly.csproj", "{91300B39-B128-4F64-ACAF-D8A5A8AD8427}"
EndProject
Global
	GlobalSection(SolutionConfigurationPlatforms) = preSolution
		Debug|Any CPU = Debug|Any CPU
		Release|Any CPU = Release|Any CPU
	EndGlobalSection
	GlobalSection(ProjectConfigurationPlatforms) = postSolution
		{91300B39-B128-4F64-ACAF-D8A5A8AD8427}.Debug|Any CPU.ActiveCfg = Debug|Any CPU
		{91300B39-B128-4F64-ACAF-D8A5A8AD8427}.Debug|Any CPU.Build.0 = Debug|Any CPU
		{91300B39-B128-4F64-ACAF-D8A5A8AD8427}.Release|Any CPU.ActiveCfg = Release|Any CPU
		{91300B39-B128-4F64-ACAF-D8A5A8AD8427}.Release|Any CPU.Build.0 = Release|Any CPU
	EndGlobalSection
	GlobalSection(SolutionProperties) = preSolution
		HideSolutionNode = FALSE
	EndGlobalSection
	GlobalSection(ExtensibilityGlobals) = postSolution
		SolutionGuid = {CBC246C2-060D-4DC8-B9D6-40C361E8E6FB}
	EndGlobalSection
EndGlobal
